
Microsoft Visual Studio Solution File, Format Version 12.00
# Visual Studio Version 16
VisualStudioVersion = 16.0.29613.14
MinimumVisualStudioVersion = 10.0.40219.1
Project("{FAE04EC0-301F-11D3-BF4B-00C04F79EFBC}") = "KURSA4", "KURSA4\KURSA4.csproj", "{CB311FDA-266D-452D-BA48-ED03B38E55D8}"
EndProject
Global
	GlobalSection(SolutionConfigurationPlatforms) = preSolution
		Debug|Any CPU = Debug|Any CPU
		Release|Any CPU = Release|Any CPU
	EndGlobalSection
	GlobalSection(ProjectConfigurationPlatforms) = postSolution
		{CB311FDA-266D-452D-BA48-ED03B38E55D8}.Debug|Any CPU.ActiveCfg = Debug|Any CPU
		{CB311FDA-266D-452D-BA48-ED03B38E55D8}.Debug|Any CPU.Build.0 = Debug|Any CPU
		{CB311FDA-266D-452D-BA48-ED03B38E55D8}.Release|Any CPU.ActiveCfg = Release|Any CPU
		{CB311FDA-266D-452D-BA48-ED03B38E55D8}.Release|Any CPU.Build.0 = Release|Any CPU
	EndGlobalSection
	GlobalSection(SolutionProperties) = preSolution
		HideSolutionNode = FALSE
	EndGlobalSection
	GlobalSection(ExtensibilityGlobals) = postSolution
		SolutionGuid = {F6F34C0D-06C6-4B7D-8F1C-336D8E3DB2AF}
	EndGlobalSection
EndGlobal
